// !$*UTF8*$!
{
	archiveVersion = 1;
	classes = {
	};
	objectVersion = 56;
	objects = {

/* Begin PBXBuildFile section */
		122BEB382AF92C49000744D5 /* AppDelegate.swift in Sources */ = {isa = PBXBuildFile; fileRef = 122BEB372AF92C49000744D5 /* AppDelegate.swift */; };
		122BEB3A2AF92C49000744D5 /* SceneDelegate.swift in Sources */ = {isa = PBXBuildFile; fileRef = 122BEB392AF92C49000744D5 /* SceneDelegate.swift */; };
		122BEB3F2AF92C49000744D5 /* Main.storyboard in Resources */ = {isa = PBXBuildFile; fileRef = 122BEB3D2AF92C49000744D5 /* Main.storyboard */; };
		122BEB412AF92C4B000744D5 /* Assets.xcassets in Resources */ = {isa = PBXBuildFile; fileRef = 122BEB402AF92C4B000744D5 /* Assets.xcassets */; };
		122BEB442AF92C4B000744D5 /* LaunchScreen.storyboard in Resources */ = {isa = PBXBuildFile; fileRef = 122BEB422AF92C4B000744D5 /* LaunchScreen.storyboard */; };
		122BEB512AF93107000744D5 /* CarPlaySceneDelegate.swift in Sources */ = {isa = PBXBuildFile; fileRef = 122BEB502AF93107000744D5 /* CarPlaySceneDelegate.swift */; };
		122BEB542AF93909000744D5 /* CarPlay.framework in Frameworks */ = {isa = PBXBuildFile; fileRef = 122BEB532AF93909000744D5 /* CarPlay.framework */; };
		124577732AFE06D300DA3E69 /* radios.json in Resources */ = {isa = PBXBuildFile; fileRef = 124577662AFD043700DA3E69 /* radios.json */; };
		12535E902AFA84E200876AD6 /* RadioListViewController.swift in Sources */ = {isa = PBXBuildFile; fileRef = 12535E8F2AFA84E200876AD6 /* RadioListViewController.swift */; };
		12535E992AFB855000876AD6 /* RadioListCell.swift in Sources */ = {isa = PBXBuildFile; fileRef = 12535E972AFB855000876AD6 /* RadioListCell.swift */; };
		12535E9A2AFB855000876AD6 /* RadioListCell.xib in Resources */ = {isa = PBXBuildFile; fileRef = 12535E982AFB855000876AD6 /* RadioListCell.xib */; };
		12535E9C2AFBC82C00876AD6 /* Notification.swift in Sources */ = {isa = PBXBuildFile; fileRef = 12535E9B2AFBC82C00876AD6 /* Notification.swift */; };
		12566B5B2AFA28A5005CD267 /* Radio.swift in Sources */ = {isa = PBXBuildFile; fileRef = 12566B5A2AFA28A5005CD267 /* Radio.swift */; };
		12566B5D2AFA2912005CD267 /* DataManager.swift in Sources */ = {isa = PBXBuildFile; fileRef = 12566B5C2AFA2912005CD267 /* DataManager.swift */; };
		7002A3992B022C77003DE179 /* RadioListPresent.swift in Sources */ = {isa = PBXBuildFile; fileRef = 7002A3982B022C77003DE179 /* RadioListPresent.swift */; };
		7002A3A02B023706003DE179 /* RadioListItemUI.swift in Sources */ = {isa = PBXBuildFile; fileRef = 7002A39F2B023706003DE179 /* RadioListItemUI.swift */; };
/* End PBXBuildFile section */

/* Begin PBXFileReference section */
		122BEB342AF92C49000744D5 /* CarPlayTutorial.app */ = {isa = PBXFileReference; explicitFileType = wrapper.application; includeInIndex = 0; path = CarPlayTutorial.app; sourceTree = BUILT_PRODUCTS_DIR; };
		122BEB372AF92C49000744D5 /* AppDelegate.swift */ = {isa = PBXFileReference; lastKnownFileType = sourcecode.swift; path = AppDelegate.swift; sourceTree = "<group>"; };
		122BEB392AF92C49000744D5 /* SceneDelegate.swift */ = {isa = PBXFileReference; lastKnownFileType = sourcecode.swift; path = SceneDelegate.swift; sourceTree = "<group>"; };
		122BEB3E2AF92C49000744D5 /* Base */ = {isa = PBXFileReference; lastKnownFileType = file.storyboard; name = Base; path = Base.lproj/Main.storyboard; sourceTree = "<group>"; };
		122BEB402AF92C4B000744D5 /* Assets.xcassets */ = {isa = PBXFileReference; lastKnownFileType = folder.assetcatalog; path = Assets.xcassets; sourceTree = "<group>"; };
		122BEB432AF92C4B000744D5 /* Base */ = {isa = PBXFileReference; lastKnownFileType = file.storyboard; name = Base; path = Base.lproj/LaunchScreen.storyboard; sourceTree = "<group>"; };
		122BEB452AF92C4B000744D5 /* Info.plist */ = {isa = PBXFileReference; lastKnownFileType = text.plist.xml; path = Info.plist; sourceTree = "<group>"; };
		122BEB4D2AF92E9E000744D5 /* CarPlayTutorial.entitlements */ = {isa = PBXFileReference; lastKnownFileType = text.plist.entitlements; path = CarPlayTutorial.entitlements; sourceTree = "<group>"; };
		122BEB502AF93107000744D5 /* CarPlaySceneDelegate.swift */ = {isa = PBXFileReference; lastKnownFileType = sourcecode.swift; path = CarPlaySceneDelegate.swift; sourceTree = "<group>"; };
		122BEB532AF93909000744D5 /* CarPlay.framework */ = {isa = PBXFileReference; lastKnownFileType = wrapper.framework; name = CarPlay.framework; path = System/Library/Frameworks/CarPlay.framework; sourceTree = SDKROOT; };
		124577662AFD043700DA3E69 /* radios.json */ = {isa = PBXFileReference; lastKnownFileType = text.json; path = radios.json; sourceTree = "<group>"; };
		12535E8F2AFA84E200876AD6 /* RadioListViewController.swift */ = {isa = PBXFileReference; lastKnownFileType = sourcecode.swift; path = RadioListViewController.swift; sourceTree = "<group>"; };
		12535E972AFB855000876AD6 /* RadioListCell.swift */ = {isa = PBXFileReference; lastKnownFileType = sourcecode.swift; path = RadioListCell.swift; sourceTree = "<group>"; };
		12535E982AFB855000876AD6 /* RadioListCell.xib */ = {isa = PBXFileReference; lastKnownFileType = file.xib; path = RadioListCell.xib; sourceTree = "<group>"; };
		12535E9B2AFBC82C00876AD6 /* Notification.swift */ = {isa = PBXFileReference; lastKnownFileType = sourcecode.swift; path = Notification.swift; sourceTree = "<group>"; };
		12566B5A2AFA28A5005CD267 /* Radio.swift */ = {isa = PBXFileReference; lastKnownFileType = sourcecode.swift; path = Radio.swift; sourceTree = "<group>"; };
		12566B5C2AFA2912005CD267 /* DataManager.swift */ = {isa = PBXFileReference; lastKnownFileType = sourcecode.swift; path = DataManager.swift; sourceTree = "<group>"; };
		7002A3982B022C77003DE179 /* RadioListPresent.swift */ = {isa = PBXFileReference; lastKnownFileType = sourcecode.swift; path = RadioListPresent.swift; sourceTree = "<group>"; };
		7002A39F2B023706003DE179 /* RadioListItemUI.swift */ = {isa = PBXFileReference; lastKnownFileType = sourcecode.swift; path = RadioListItemUI.swift; sourceTree = "<group>"; };
/* End PBXFileReference section */

/* Begin PBXFrameworksBuildPhase section */
		122BEB312AF92C49000744D5 /* Frameworks */ = {
			isa = PBXFrameworksBuildPhase;
			buildActionMask = 2147483647;
			files = (
				122BEB542AF93909000744D5 /* CarPlay.framework in Frameworks */,
			);
			runOnlyForDeploymentPostprocessing = 0;
		};
/* End PBXFrameworksBuildPhase section */

/* Begin PBXGroup section */
		122BEB2B2AF92C49000744D5 = {
			isa = PBXGroup;
			children = (
				122BEB4D2AF92E9E000744D5 /* CarPlayTutorial.entitlements */,
				122BEB362AF92C49000744D5 /* CarPlayTutorial */,
				122BEB352AF92C49000744D5 /* Products */,
				122BEB522AF93909000744D5 /* Frameworks */,
			);
			sourceTree = "<group>";
		};
		122BEB352AF92C49000744D5 /* Products */ = {
			isa = PBXGroup;
			children = (
				122BEB342AF92C49000744D5 /* CarPlayTutorial.app */,
			);
			name = Products;
			sourceTree = "<group>";
		};
		122BEB362AF92C49000744D5 /* CarPlayTutorial */ = {
			isa = PBXGroup;
			children = (
				7002A3A12B023748003DE179 /* Delegates */,
				122BEB3D2AF92C49000744D5 /* Main.storyboard */,
				122BEB422AF92C4B000744D5 /* LaunchScreen.storyboard */,
				12535E982AFB855000876AD6 /* RadioListCell.xib */,
				7002A3A22B0240D8003DE179 /* Presentation */,
				7002A39C2B0236B8003DE179 /* View */,
				124577672AFD044500DA3E69 /* Utilities */,
				124577742AFE06E900DA3E69 /* Data */,
				122BEB402AF92C4B000744D5 /* Assets.xcassets */,
				122BEB452AF92C4B000744D5 /* Info.plist */,
			);
			path = CarPlayTutorial;
			sourceTree = "<group>";
		};
		122BEB522AF93909000744D5 /* Frameworks */ = {
			isa = PBXGroup;
			children = (
				122BEB532AF93909000744D5 /* CarPlay.framework */,
			);
			name = Frameworks;
			sourceTree = "<group>";
		};
		124577672AFD044500DA3E69 /* Utilities */ = {
			isa = PBXGroup;
			children = (
				12535E9B2AFBC82C00876AD6 /* Notification.swift */,
			);
			path = Utilities;
			sourceTree = "<group>";
		};
		124577742AFE06E900DA3E69 /* Data */ = {
			isa = PBXGroup;
			children = (
				12566B5A2AFA28A5005CD267 /* Radio.swift */,
				12566B5C2AFA2912005CD267 /* DataManager.swift */,
				124577662AFD043700DA3E69 /* radios.json */,
			);
			path = Data;
			sourceTree = "<group>";
		};
		7002A39C2B0236B8003DE179 /* View */ = {
			isa = PBXGroup;
			children = (
				12535E8F2AFA84E200876AD6 /* RadioListViewController.swift */,
				12535E972AFB855000876AD6 /* RadioListCell.swift */,
			);
			path = View;
			sourceTree = "<group>";
		};
		7002A3A12B023748003DE179 /* Delegates */ = {
			isa = PBXGroup;
			children = (
				122BEB372AF92C49000744D5 /* AppDelegate.swift */,
				122BEB392AF92C49000744D5 /* SceneDelegate.swift */,
				122BEB502AF93107000744D5 /* CarPlaySceneDelegate.swift */,
			);
			path = Delegates;
			sourceTree = "<group>";
		};
		7002A3A22B0240D8003DE179 /* Presentation */ = {
			isa = PBXGroup;
			children = (
				7002A3982B022C77003DE179 /* RadioListPresent.swift */,
				7002A39F2B023706003DE179 /* RadioListItemUI.swift */,
			);
			path = Presentation;
			sourceTree = "<group>";
		};
/* End PBXGroup section */

/* Begin PBXNativeTarget section */
		122BEB332AF92C49000744D5 /* CarPlayTutorial */ = {
			isa = PBXNativeTarget;
			buildConfigurationList = 122BEB482AF92C4B000744D5 /* Build configuration list for PBXNativeTarget "CarPlayTutorial" */;
			buildPhases = (
				122BEB302AF92C49000744D5 /* Sources */,
				122BEB312AF92C49000744D5 /* Frameworks */,
				122BEB322AF92C49000744D5 /* Resources */,
			);
			buildRules = (
			);
			dependencies = (
			);
			name = CarPlayTutorial;
			productName = CarPlayTutorial;
			productReference = 122BEB342AF92C49000744D5 /* CarPlayTutorial.app */;
			productType = "com.apple.product-type.application";
		};
/* End PBXNativeTarget section */

/* Begin PBXProject section */
		122BEB2C2AF92C49000744D5 /* Project object */ = {
			isa = PBXProject;
			attributes = {
				BuildIndependentTargetsInParallel = 1;
				LastSwiftUpdateCheck = 1420;
				LastUpgradeCheck = 1420;
				TargetAttributes = {
					122BEB332AF92C49000744D5 = {
						CreatedOnToolsVersion = 14.2;
					};
				};
			};
			buildConfigurationList = 122BEB2F2AF92C49000744D5 /* Build configuration list for PBXProject "CarPlayTutorial" */;
			compatibilityVersion = "Xcode 14.0";
			developmentRegion = en;
			hasScannedForEncodings = 0;
			knownRegions = (
				en,
				Base,
			);
			mainGroup = 122BEB2B2AF92C49000744D5;
			productRefGroup = 122BEB352AF92C49000744D5 /* Products */;
			projectDirPath = "";
			projectRoot = "";
			targets = (
				122BEB332AF92C49000744D5 /* CarPlayTutorial */,
			);
		};
/* End PBXProject section */

/* Begin PBXResourcesBuildPhase section */
		122BEB322AF92C49000744D5 /* Resources */ = {
			isa = PBXResourcesBuildPhase;
			buildActionMask = 2147483647;
			files = (
				122BEB442AF92C4B000744D5 /* LaunchScreen.storyboard in Resources */,
				122BEB412AF92C4B000744D5 /* Assets.xcassets in Resources */,
				122BEB3F2AF92C49000744D5 /* Main.storyboard in Resources */,
				124577732AFE06D300DA3E69 /* radios.json in Resources */,
				12535E9A2AFB855000876AD6 /* RadioListCell.xib in Resources */,
			);
			runOnlyForDeploymentPostprocessing = 0;
		};
/* End PBXResourcesBuildPhase section */

/* Begin PBXSourcesBuildPhase section */
		122BEB302AF92C49000744D5 /* Sources */ = {
			isa = PBXSourcesBuildPhase;
			buildActionMask = 2147483647;
			files = (
				12535E902AFA84E200876AD6 /* RadioListViewController.swift in Sources */,
				12535E992AFB855000876AD6 /* RadioListCell.swift in Sources */,
				12535E9C2AFBC82C00876AD6 /* Notification.swift in Sources */,
				7002A3A02B023706003DE179 /* RadioListItemUI.swift in Sources */,
				12566B5B2AFA28A5005CD267 /* Radio.swift in Sources */,
				12566B5D2AFA2912005CD267 /* DataManager.swift in Sources */,
				122BEB382AF92C49000744D5 /* AppDelegate.swift in Sources */,
				7002A3992B022C77003DE179 /* RadioListPresent.swift in Sources */,
				122BEB512AF93107000744D5 /* CarPlaySceneDelegate.swift in Sources */,
				122BEB3A2AF92C49000744D5 /* SceneDelegate.swift in Sources */,
			);
			runOnlyForDeploymentPostprocessing = 0;
		};
/* End PBXSourcesBuildPhase section */

/* Begin PBXVariantGroup section */
		122BEB3D2AF92C49000744D5 /* Main.storyboard */ = {
			isa = PBXVariantGroup;
			children = (
				122BEB3E2AF92C49000744D5 /* Base */,
			);
			name = Main.storyboard;
			sourceTree = "<group>";
		};
		122BEB422AF92C4B000744D5 /* LaunchScreen.storyboard */ = {
			isa = PBXVariantGroup;
			children = (
				122BEB432AF92C4B000744D5 /* Base */,
			);
			name = LaunchScreen.storyboard;
			sourceTree = "<group>";
		};
/* End PBXVariantGroup section */

/* Begin XCBuildConfiguration section */
		122BEB462AF92C4B000744D5 /* Debug */ = {
			isa = XCBuildConfiguration;
			buildSettings = {
				ALWAYS_SEARCH_USER_PATHS = NO;
				CLANG_ANALYZER_NONNULL = YES;
				CLANG_ANALYZER_NUMBER_OBJECT_CONVERSION = YES_AGGRESSIVE;
				CLANG_CXX_LANGUAGE_STANDARD = "gnu++20";
				CLANG_ENABLE_MODULES = YES;
				CLANG_ENABLE_OBJC_ARC = YES;
				CLANG_ENABLE_OBJC_WEAK = YES;
				CLANG_WARN_BLOCK_CAPTURE_AUTORELEASING = YES;
				CLANG_WARN_BOOL_CONVERSION = YES;
				CLANG_WARN_COMMA = YES;
				CLANG_WARN_CONSTANT_CONVERSION = YES;
				CLANG_WARN_DEPRECATED_OBJC_IMPLEMENTATIONS = YES;
				CLANG_WARN_DIRECT_OBJC_ISA_USAGE = YES_ERROR;
				CLANG_WARN_DOCUMENTATION_COMMENTS = YES;
				CLANG_WARN_EMPTY_BODY = YES;
				CLANG_WARN_ENUM_CONVERSION = YES;
				CLANG_WARN_INFINITE_RECURSION = YES;
				CLANG_WARN_INT_CONVERSION = YES;
				CLANG_WARN_NON_LITERAL_NULL_CONVERSION = YES;
				CLANG_WARN_OBJC_IMPLICIT_RETAIN_SELF = YES;
				CLANG_WARN_OBJC_LITERAL_CONVERSION = YES;
				CLANG_WARN_OBJC_ROOT_CLASS = YES_ERROR;
				CLANG_WARN_QUOTED_INCLUDE_IN_FRAMEWORK_HEADER = YES;
				CLANG_WARN_RANGE_LOOP_ANALYSIS = YES;
				CLANG_WARN_STRICT_PROTOTYPES = YES;
				CLANG_WARN_SUSPICIOUS_MOVE = YES;
				CLANG_WARN_UNGUARDED_AVAILABILITY = YES_AGGRESSIVE;
				CLANG_WARN_UNREACHABLE_CODE = YES;
				CLANG_WARN__DUPLICATE_METHOD_MATCH = YES;
				CODE_SIGN_ENTITLEMENTS = CarPlayTutorial.entitlements;
				COPY_PHASE_STRIP = NO;
				DEBUG_INFORMATION_FORMAT = dwarf;
				ENABLE_STRICT_OBJC_MSGSEND = YES;
				ENABLE_TESTABILITY = YES;
				GCC_C_LANGUAGE_STANDARD = gnu11;
				GCC_DYNAMIC_NO_PIC = NO;
				GCC_NO_COMMON_BLOCKS = YES;
				GCC_OPTIMIZATION_LEVEL = 0;
				GCC_PREPROCESSOR_DEFINITIONS = (
					"DEBUG=1",
					"$(inherited)",
				);
				GCC_WARN_64_TO_32_BIT_CONVERSION = YES;
				GCC_WARN_ABOUT_RETURN_TYPE = YES_ERROR;
				GCC_WARN_UNDECLARED_SELECTOR = YES;
				GCC_WARN_UNINITIALIZED_AUTOS = YES_AGGRESSIVE;
				GCC_WARN_UNUSED_FUNCTION = YES;
				GCC_WARN_UNUSED_VARIABLE = YES;
				IPHONEOS_DEPLOYMENT_TARGET = 16.2;
				MTL_ENABLE_DEBUG_INFO = INCLUDE_SOURCE;
				MTL_FAST_MATH = YES;
				ONLY_ACTIVE_ARCH = YES;
				SDKROOT = iphoneos;
				SWIFT_ACTIVE_COMPILATION_CONDITIONS = DEBUG;
				SWIFT_OPTIMIZATION_LEVEL = "-Onone";
			};
			name = Debug;
		};
		122BEB472AF92C4B000744D5 /* Release */ = {
			isa = XCBuildConfiguration;
			buildSettings = {
				ALWAYS_SEARCH_USER_PATHS = NO;
				CLANG_ANALYZER_NONNULL = YES;
				CLANG_ANALYZER_NUMBER_OBJECT_CONVERSION = YES_AGGRESSIVE;
				CLANG_CXX_LANGUAGE_STANDARD = "gnu++20";
				CLANG_ENABLE_MODULES = YES;
				CLANG_ENABLE_OBJC_ARC = YES;
				CLANG_ENABLE_OBJC_WEAK = YES;
				CLANG_WARN_BLOCK_CAPTURE_AUTORELEASING = YES;
				CLANG_WARN_BOOL_CONVERSION = YES;
				CLANG_WARN_COMMA = YES;
				CLANG_WARN_CONSTANT_CONVERSION = YES;
				CLANG_WARN_DEPRECATED_OBJC_IMPLEMENTATIONS = YES;
				CLANG_WARN_DIRECT_OBJC_ISA_USAGE = YES_ERROR;
				CLANG_WARN_DOCUMENTATION_COMMENTS = YES;
				CLANG_WARN_EMPTY_BODY = YES;
				CLANG_WARN_ENUM_CONVERSION = YES;
				CLANG_WARN_INFINITE_RECURSION = YES;
				CLANG_WARN_INT_CONVERSION = YES;
				CLANG_WARN_NON_LITERAL_NULL_CONVERSION = YES;
				CLANG_WARN_OBJC_IMPLICIT_RETAIN_SELF = YES;
				CLANG_WARN_OBJC_LITERAL_CONVERSION = YES;
				CLANG_WARN_OBJC_ROOT_CLASS = YES_ERROR;
				CLANG_WARN_QUOTED_INCLUDE_IN_FRAMEWORK_HEADER = YES;
				CLANG_WARN_RANGE_LOOP_ANALYSIS = YES;
				CLANG_WARN_STRICT_PROTOTYPES = YES;
				CLANG_WARN_SUSPICIOUS_MOVE = YES;
				CLANG_WARN_UNGUARDED_AVAILABILITY = YES_AGGRESSIVE;
				CLANG_WARN_UNREACHABLE_CODE = YES;
				CLANG_WARN__DUPLICATE_METHOD_MATCH = YES;
				CODE_SIGN_ENTITLEMENTS = CarPlayTutorial.entitlements;
				COPY_PHASE_STRIP = NO;
				DEBUG_INFORMATION_FORMAT = "dwarf-with-dsym";
				ENABLE_NS_ASSERTIONS = NO;
				ENABLE_STRICT_OBJC_MSGSEND = YES;
				GCC_C_LANGUAGE_STANDARD = gnu11;
				GCC_NO_COMMON_BLOCKS = YES;
				GCC_WARN_64_TO_32_BIT_CONVERSION = YES;
				GCC_WARN_ABOUT_RETURN_TYPE = YES_ERROR;
				GCC_WARN_UNDECLARED_SELECTOR = YES;
				GCC_WARN_UNINITIALIZED_AUTOS = YES_AGGRESSIVE;
				GCC_WARN_UNUSED_FUNCTION = YES;
				GCC_WARN_UNUSED_VARIABLE = YES;
				IPHONEOS_DEPLOYMENT_TARGET = 16.2;
				MTL_ENABLE_DEBUG_INFO = NO;
				MTL_FAST_MATH = YES;
				SDKROOT = iphoneos;
				SWIFT_COMPILATION_MODE = wholemodule;
				SWIFT_OPTIMIZATION_LEVEL = "-O";
				VALIDATE_PRODUCT = YES;
			};
			name = Release;
		};
		122BEB492AF92C4B000744D5 /* Debug */ = {
			isa = XCBuildConfiguration;
			buildSettings = {
				ASSETCATALOG_COMPILER_APPICON_NAME = AppIcon;
				ASSETCATALOG_COMPILER_GLOBAL_ACCENT_COLOR_NAME = AccentColor;
				CODE_SIGN_STYLE = Automatic;
				CURRENT_PROJECT_VERSION = 1;
				GENERATE_INFOPLIST_FILE = YES;
				INFOPLIST_FILE = CarPlayTutorial/Info.plist;
				INFOPLIST_KEY_UIApplicationSupportsIndirectInputEvents = YES;
				INFOPLIST_KEY_UILaunchStoryboardName = LaunchScreen;
				INFOPLIST_KEY_UIMainStoryboardFile = Main;
				INFOPLIST_KEY_UISupportedInterfaceOrientations_iPad = "UIInterfaceOrientationPortrait UIInterfaceOrientationPortraitUpsideDown UIInterfaceOrientationLandscapeLeft UIInterfaceOrientationLandscapeRight";
				INFOPLIST_KEY_UISupportedInterfaceOrientations_iPhone = "UIInterfaceOrientationPortrait UIInterfaceOrientationLandscapeLeft UIInterfaceOrientationLandscapeRight";
				LD_RUNPATH_SEARCH_PATHS = (
					"$(inherited)",
					"@executable_path/Frameworks",
				);
				MARKETING_VERSION = 1.0;
				PRODUCT_BUNDLE_IDENTIFIER = sadlye.CarPlayTutorial;
				PRODUCT_NAME = "$(TARGET_NAME)";
				SWIFT_EMIT_LOC_STRINGS = YES;
				SWIFT_VERSION = 5.0;
				TARGETED_DEVICE_FAMILY = "1,2";
			};
			name = Debug;
		};
		122BEB4A2AF92C4B000744D5 /* Release */ = {
			isa = XCBuildConfiguration;
			buildSettings = {
				ASSETCATALOG_COMPILER_APPICON_NAME = AppIcon;
				ASSETCATALOG_COMPILER_GLOBAL_ACCENT_COLOR_NAME = AccentColor;
				CODE_SIGN_STYLE = Automatic;
				CURRENT_PROJECT_VERSION = 1;
				GENERATE_INFOPLIST_FILE = YES;
				INFOPLIST_FILE = CarPlayTutorial/Info.plist;
				INFOPLIST_KEY_UIApplicationSupportsIndirectInputEvents = YES;
				INFOPLIST_KEY_UILaunchStoryboardName = LaunchScreen;
				INFOPLIST_KEY_UIMainStoryboardFile = Main;
				INFOPLIST_KEY_UISupportedInterfaceOrientations_iPad = "UIInterfaceOrientationPortrait UIInterfaceOrientationPortraitUpsideDown UIInterfaceOrientationLandscapeLeft UIInterfaceOrientationLandscapeRight";
				INFOPLIST_KEY_UISupportedInterfaceOrientations_iPhone = "UIInterfaceOrientationPortrait UIInterfaceOrientationLandscapeLeft UIInterfaceOrientationLandscapeRight";
				LD_RUNPATH_SEARCH_PATHS = (
					"$(inherited)",
					"@executable_path/Frameworks",
				);
				MARKETING_VERSION = 1.0;
				PRODUCT_BUNDLE_IDENTIFIER = sadlye.CarPlayTutorial;
				PRODUCT_NAME = "$(TARGET_NAME)";
				SWIFT_EMIT_LOC_STRINGS = YES;
				SWIFT_VERSION = 5.0;
				TARGETED_DEVICE_FAMILY = "1,2";
			};
			name = Release;
		};
/* End XCBuildConfiguration section */

/* Begin XCConfigurationList section */
		122BEB2F2AF92C49000744D5 /* Build configuration list for PBXProject "CarPlayTutorial" */ = {
			isa = XCConfigurationList;
			buildConfigurations = (
				122BEB462AF92C4B000744D5 /* Debug */,
				122BEB472AF92C4B000744D5 /* Release */,
			);
			defaultConfigurationIsVisible = 0;
			defaultConfigurationName = Release;
		};
		122BEB482AF92C4B000744D5 /* Build configuration list for PBXNativeTarget "CarPlayTutorial" */ = {
			isa = XCConfigurationList;
			buildConfigurations = (
				122BEB492AF92C4B000744D5 /* Debug */,
				122BEB4A2AF92C4B000744D5 /* Release */,
			);
			defaultConfigurationIsVisible = 0;
			defaultConfigurationName = Release;
		};
/* End XCConfigurationList section */
	};
	rootObject = 122BEB2C2AF92C49000744D5 /* Project object */;
}
